
Microsoft Visual Studio Solution File, Format Version 12.00
# Visual Studio 15
VisualStudioVersion = 15.0.27703.2000
MinimumVisualStudioVersion = 10.0.40219.1
Project("{FAE04EC0-301F-11D3-BF4B-00C04F79EFBC}") = "IdeX", "IdeX\IdeX.csproj", "{7FFC4BF9-4156-41D5-B14F-15892A67E1F4}"
EndProject
Global
	GlobalSection(SolutionConfigurationPlatforms) = preSolution
		Debug|Any CPU = Debug|Any CPU
		Release|Any CPU = Release|Any CPU
	EndGlobalSection
	GlobalSection(ProjectConfigurationPlatforms) = postSolution
		{7FFC4BF9-4156-41D5-B14F-15892A67E1F4}.Debug|Any CPU.ActiveCfg = Debug|Any CPU
		{7FFC4BF9-4156-41D5-B14F-15892A67E1F4}.Debug|Any CPU.Build.0 = Debug|Any CPU
		{7FFC4BF9-4156-41D5-B14F-15892A67E1F4}.Release|Any CPU.ActiveCfg = Release|Any CPU
		{7FFC4BF9-4156-41D5-B14F-15892A67E1F4}.Release|Any CPU.Build.0 = Release|Any CPU
	EndGlobalSection
	GlobalSection(SolutionProperties) = preSolution
		HideSolutionNode = FALSE
	EndGlobalSection
	GlobalSection(ExtensibilityGlobals) = postSolution
		SolutionGuid = {19B5C3D5-35DF-46FD-A38D-27A57731D193}
	EndGlobalSection
EndGlobal
